
Microsoft Visual Studio Solution File, Format Version 12.00
# Visual Studio 14
VisualStudioVersion = 14.0.24720.0
MinimumVisualStudioVersion = 10.0.40219.1
Project("{FAE04EC0-301F-11D3-BF4B-00C04F79EFBC}") = "MyMvvmTwo", "MyMvvmTwo\MyMvvmTwo.csproj", "{B651F741-2743-4C71-AC79-2B660F79E697}"
EndProject
Project("{FAE04EC0-301F-11D3-BF4B-00C04F79EFBC}") = "MyMvvm.Model", "MyMvvm.Model\MyMvvm.Model.csproj", "{3C4990B2-D222-4F2F-AEC7-53665D1DCFC3}"
EndProject
Global
	GlobalSection(SolutionConfigurationPlatforms) = preSolution
		Debug|Any CPU = Debug|Any CPU
		Release|Any CPU = Release|Any CPU
	EndGlobalSection
	GlobalSection(ProjectConfigurationPlatforms) = postSolution
		{B651F741-2743-4C71-AC79-2B660F79E697}.Debug|Any CPU.ActiveCfg = Debug|Any CPU
		{B651F741-2743-4C71-AC79-2B660F79E697}.Debug|Any CPU.Build.0 = Debug|Any CPU
		{B651F741-2743-4C71-AC79-2B660F79E697}.Release|Any CPU.ActiveCfg = Release|Any CPU
		{B651F741-2743-4C71-AC79-2B660F79E697}.Release|Any CPU.Build.0 = Release|Any CPU
		{3C4990B2-D222-4F2F-AEC7-53665D1DCFC3}.Debug|Any CPU.ActiveCfg = Debug|Any CPU
		{3C4990B2-D222-4F2F-AEC7-53665D1DCFC3}.Debug|Any CPU.Build.0 = Debug|Any CPU
		{3C4990B2-D222-4F2F-AEC7-53665D1DCFC3}.Release|Any CPU.ActiveCfg = Release|Any CPU
		{3C4990B2-D222-4F2F-AEC7-53665D1DCFC3}.Release|Any CPU.Build.0 = Release|Any CPU
	EndGlobalSection
	GlobalSection(SolutionProperties) = preSolution
		HideSolutionNode = FALSE
	EndGlobalSection
EndGlobal
